// !$*UTF8*$!
{
	archiveVersion = 1;
	classes = {
	};
	objectVersion = 46;
	objects = {

/* Begin PBXBuildFile section */
		044126A31BB5E1BD00FB57DE /* settings.png in Resources */ = {isa = PBXBuildFile; fileRef = 044126A21BB5E1BD00FB57DE /* settings.png */; settings = {ASSET_TAGS = (); }; };
		044126A51BB5E1E900FB57DE /* settings copy.png in Resources */ = {isa = PBXBuildFile; fileRef = 044126A41BB5E1E900FB57DE /* settings copy.png */; settings = {ASSET_TAGS = (); }; };
		044126A91BB5E3B700FB57DE /* saved.png in Resources */ = {isa = PBXBuildFile; fileRef = 044126A81BB5E3B700FB57DE /* saved.png */; settings = {ASSET_TAGS = (); }; };
		67418CC01BB1E233000D11F0 /* MozResult.swift in Sources */ = {isa = PBXBuildFile; fileRef = 67418CBE1BB1E233000D11F0 /* MozResult.swift */; };
		67418CC11BB1E233000D11F0 /* SavedResultsViewController.swift in Sources */ = {isa = PBXBuildFile; fileRef = 67418CBF1BB1E233000D11F0 /* SavedResultsViewController.swift */; };
		67418CC31BB1E8A6000D11F0 /* DetailViewController.swift in Sources */ = {isa = PBXBuildFile; fileRef = 67418CC21BB1E8A6000D11F0 /* DetailViewController.swift */; };
		67575A3C1BAB40700098B5EA /* SearchViewController.swift in Sources */ = {isa = PBXBuildFile; fileRef = 67575A3B1BAB40700098B5EA /* SearchViewController.swift */; };
		67575A3E1BAB54030098B5EA /* URLMetrics.swift in Sources */ = {isa = PBXBuildFile; fileRef = 67575A3D1BAB54030098B5EA /* URLMetrics.swift */; };
		67A8D39E1BA8B7F500EAEDC9 /* Mozscape.swift in Sources */ = {isa = PBXBuildFile; fileRef = 67A8D39D1BA8B7F500EAEDC9 /* Mozscape.swift */; };
		67D8BD901BA212F2004FA2BC /* AppDelegate.swift in Sources */ = {isa = PBXBuildFile; fileRef = 67D8BD8F1BA212F2004FA2BC /* AppDelegate.swift */; };
		67D8BD931BA212F2004FA2BC /* MozAnalytics.xcdatamodeld in Sources */ = {isa = PBXBuildFile; fileRef = 67D8BD911BA212F2004FA2BC /* MozAnalytics.xcdatamodeld */; };
		67D8BD951BA212F2004FA2BC /* SettingsViewController.swift in Sources */ = {isa = PBXBuildFile; fileRef = 67D8BD941BA212F2004FA2BC /* SettingsViewController.swift */; };
		67D8BD981BA212F2004FA2BC /* Main.storyboard in Resources */ = {isa = PBXBuildFile; fileRef = 67D8BD961BA212F2004FA2BC /* Main.storyboard */; };
		67D8BD9A1BA212F2004FA2BC /* Images.xcassets in Resources */ = {isa = PBXBuildFile; fileRef = 67D8BD991BA212F2004FA2BC /* Images.xcassets */; };
		67D8BD9D1BA212F2004FA2BC /* LaunchScreen.xib in Resources */ = {isa = PBXBuildFile; fileRef = 67D8BD9B1BA212F2004FA2BC /* LaunchScreen.xib */; };
		67D8BDA91BA212F2004FA2BC /* MozAnalyticsTests.swift in Sources */ = {isa = PBXBuildFile; fileRef = 67D8BDA81BA212F2004FA2BC /* MozAnalyticsTests.swift */; };
/* End PBXBuildFile section */

/* Begin PBXContainerItemProxy section */
		67D8BDA31BA212F2004FA2BC /* PBXContainerItemProxy */ = {
			isa = PBXContainerItemProxy;
			containerPortal = 67D8BD821BA212F2004FA2BC /* Project object */;
			proxyType = 1;
			remoteGlobalIDString = 67D8BD891BA212F2004FA2BC;
			remoteInfo = MozAnalytics;
		};
/* End PBXContainerItemProxy section */

/* Begin PBXFileReference section */
		044126A21BB5E1BD00FB57DE /* settings.png */ = {isa = PBXFileReference; lastKnownFileType = image.png; path = settings.png; sourceTree = "<group>"; };
		044126A41BB5E1E900FB57DE /* settings copy.png */ = {isa = PBXFileReference; lastKnownFileType = image.png; path = "settings copy.png"; sourceTree = "<group>"; };
		044126A81BB5E3B700FB57DE /* saved.png */ = {isa = PBXFileReference; lastKnownFileType = image.png; path = saved.png; sourceTree = "<group>"; };
		67418CBE1BB1E233000D11F0 /* MozResult.swift */ = {isa = PBXFileReference; fileEncoding = 4; lastKnownFileType = sourcecode.swift; path = MozResult.swift; sourceTree = "<group>"; };
		67418CBF1BB1E233000D11F0 /* SavedResultsViewController.swift */ = {isa = PBXFileReference; fileEncoding = 4; lastKnownFileType = sourcecode.swift; path = SavedResultsViewController.swift; sourceTree = "<group>"; };
		67418CC21BB1E8A6000D11F0 /* DetailViewController.swift */ = {isa = PBXFileReference; fileEncoding = 4; lastKnownFileType = sourcecode.swift; path = DetailViewController.swift; sourceTree = "<group>"; };
		67575A3B1BAB40700098B5EA /* SearchViewController.swift */ = {isa = PBXFileReference; fileEncoding = 4; lastKnownFileType = sourcecode.swift; path = SearchViewController.swift; sourceTree = "<group>"; };
		67575A3D1BAB54030098B5EA /* URLMetrics.swift */ = {isa = PBXFileReference; fileEncoding = 4; lastKnownFileType = sourcecode.swift; path = URLMetrics.swift; sourceTree = "<group>"; };
		67A8D39D1BA8B7F500EAEDC9 /* Mozscape.swift */ = {isa = PBXFileReference; fileEncoding = 4; lastKnownFileType = sourcecode.swift; path = Mozscape.swift; sourceTree = "<group>"; };
		67A8D39F1BA8B90800EAEDC9 /* Bridging-Header.h */ = {isa = PBXFileReference; lastKnownFileType = sourcecode.c.h; path = "Bridging-Header.h"; sourceTree = "<group>"; };
		67D8BD8A1BA212F2004FA2BC /* MozAnalytics.app */ = {isa = PBXFileReference; explicitFileType = wrapper.application; includeInIndex = 0; path = MozAnalytics.app; sourceTree = BUILT_PRODUCTS_DIR; };
		67D8BD8E1BA212F2004FA2BC /* Info.plist */ = {isa = PBXFileReference; lastKnownFileType = text.plist.xml; path = Info.plist; sourceTree = "<group>"; };
		67D8BD8F1BA212F2004FA2BC /* AppDelegate.swift */ = {isa = PBXFileReference; lastKnownFileType = sourcecode.swift; path = AppDelegate.swift; sourceTree = "<group>"; };
		67D8BD921BA212F2004FA2BC /* MozAnalytics.xcdatamodel */ = {isa = PBXFileReference; lastKnownFileType = wrapper.xcdatamodel; path = MozAnalytics.xcdatamodel; sourceTree = "<group>"; };
		67D8BD941BA212F2004FA2BC /* SettingsViewController.swift */ = {isa = PBXFileReference; lastKnownFileType = sourcecode.swift; path = SettingsViewController.swift; sourceTree = "<group>"; };
		67D8BD971BA212F2004FA2BC /* Base */ = {isa = PBXFileReference; lastKnownFileType = file.storyboard; name = Base; path = Base.lproj/Main.storyboard; sourceTree = "<group>"; };
		67D8BD991BA212F2004FA2BC /* Images.xcassets */ = {isa = PBXFileReference; lastKnownFileType = folder.assetcatalog; path = Images.xcassets; sourceTree = "<group>"; };
		67D8BD9C1BA212F2004FA2BC /* Base */ = {isa = PBXFileReference; lastKnownFileType = file.xib; name = Base; path = Base.lproj/LaunchScreen.xib; sourceTree = "<group>"; };
		67D8BDA21BA212F2004FA2BC /* MozAnalyticsTests.xctest */ = {isa = PBXFileReference; explicitFileType = wrapper.cfbundle; includeInIndex = 0; path = MozAnalyticsTests.xctest; sourceTree = BUILT_PRODUCTS_DIR; };
		67D8BDA71BA212F2004FA2BC /* Info.plist */ = {isa = PBXFileReference; lastKnownFileType = text.plist.xml; path = Info.plist; sourceTree = "<group>"; };
		67D8BDA81BA212F2004FA2BC /* MozAnalyticsTests.swift */ = {isa = PBXFileReference; lastKnownFileType = sourcecode.swift; path = MozAnalyticsTests.swift; sourceTree = "<group>"; };
/* End PBXFileReference section */

/* Begin PBXFrameworksBuildPhase section */
		67D8BD871BA212F2004FA2BC /* Frameworks */ = {
			isa = PBXFrameworksBuildPhase;
			buildActionMask = 2147483647;
			files = (
			);
			runOnlyForDeploymentPostprocessing = 0;
		};
		67D8BD9F1BA212F2004FA2BC /* Frameworks */ = {
			isa = PBXFrameworksBuildPhase;
			buildActionMask = 2147483647;
			files = (
			);
			runOnlyForDeploymentPostprocessing = 0;
		};
/* End PBXFrameworksBuildPhase section */

/* Begin PBXGroup section */
		67575A3F1BAB541E0098B5EA /* Moz Analytics */ = {
			isa = PBXGroup;
			children = (
				67A8D39D1BA8B7F500EAEDC9 /* Mozscape.swift */,
				67575A3D1BAB54030098B5EA /* URLMetrics.swift */,
			);
			name = "Moz Analytics";
			sourceTree = "<group>";
		};
		67D8BD811BA212F2004FA2BC = {
			isa = PBXGroup;
			children = (
				67D8BD8C1BA212F2004FA2BC /* MozAnalytics */,
				67D8BDA51BA212F2004FA2BC /* MozAnalyticsTests */,
				67D8BD8B1BA212F2004FA2BC /* Products */,
			);
			sourceTree = "<group>";
		};
		67D8BD8B1BA212F2004FA2BC /* Products */ = {
			isa = PBXGroup;
			children = (
				67D8BD8A1BA212F2004FA2BC /* MozAnalytics.app */,
				67D8BDA21BA212F2004FA2BC /* MozAnalyticsTests.xctest */,
			);
			name = Products;
			sourceTree = "<group>";
		};
		67D8BD8C1BA212F2004FA2BC /* MozAnalytics */ = {
			isa = PBXGroup;
			children = (
				67A8D39F1BA8B90800EAEDC9 /* Bridging-Header.h */,
				67D8BD8F1BA212F2004FA2BC /* AppDelegate.swift */,
				67418CC21BB1E8A6000D11F0 /* DetailViewController.swift */,
				67418CBF1BB1E233000D11F0 /* SavedResultsViewController.swift */,
				67418CBE1BB1E233000D11F0 /* MozResult.swift */,
				67575A3F1BAB541E0098B5EA /* Moz Analytics */,
				67D8BD941BA212F2004FA2BC /* SettingsViewController.swift */,
				67575A3B1BAB40700098B5EA /* SearchViewController.swift */,
				67D8BD961BA212F2004FA2BC /* Main.storyboard */,
				67D8BD991BA212F2004FA2BC /* Images.xcassets */,
				67D8BD9B1BA212F2004FA2BC /* LaunchScreen.xib */,
				67D8BD911BA212F2004FA2BC /* MozAnalytics.xcdatamodeld */,
				67D8BD8D1BA212F2004FA2BC /* Supporting Files */,
			);
			path = MozAnalytics;
			sourceTree = "<group>";
		};
		67D8BD8D1BA212F2004FA2BC /* Supporting Files */ = {
			isa = PBXGroup;
			children = (
				044126A41BB5E1E900FB57DE /* settings copy.png */,
				044126A81BB5E3B700FB57DE /* saved.png */,
				044126A21BB5E1BD00FB57DE /* settings.png */,
				67D8BD8E1BA212F2004FA2BC /* Info.plist */,
			);
			name = "Supporting Files";
			sourceTree = "<group>";
		};
		67D8BDA51BA212F2004FA2BC /* MozAnalyticsTests */ = {
			isa = PBXGroup;
			children = (
				67D8BDA81BA212F2004FA2BC /* MozAnalyticsTests.swift */,
				67D8BDA61BA212F2004FA2BC /* Supporting Files */,
			);
			path = MozAnalyticsTests;
			sourceTree = "<group>";
		};
		67D8BDA61BA212F2004FA2BC /* Supporting Files */ = {
			isa = PBXGroup;
			children = (
				67D8BDA71BA212F2004FA2BC /* Info.plist */,
			);
			name = "Supporting Files";
			sourceTree = "<group>";
		};
/* End PBXGroup section */

/* Begin PBXNativeTarget section */
		67D8BD891BA212F2004FA2BC /* MozAnalytics */ = {
			isa = PBXNativeTarget;
			buildConfigurationList = 67D8BDAC1BA212F2004FA2BC /* Build configuration list for PBXNativeTarget "MozAnalytics" */;
			buildPhases = (
				67D8BD861BA212F2004FA2BC /* Sources */,
				67D8BD871BA212F2004FA2BC /* Frameworks */,
				67D8BD881BA212F2004FA2BC /* Resources */,
			);
			buildRules = (
			);
			dependencies = (
			);
			name = MozAnalytics;
			productName = MozAnalytics;
			productReference = 67D8BD8A1BA212F2004FA2BC /* MozAnalytics.app */;
			productType = "com.apple.product-type.application";
		};
		67D8BDA11BA212F2004FA2BC /* MozAnalyticsTests */ = {
			isa = PBXNativeTarget;
			buildConfigurationList = 67D8BDAF1BA212F2004FA2BC /* Build configuration list for PBXNativeTarget "MozAnalyticsTests" */;
			buildPhases = (
				67D8BD9E1BA212F2004FA2BC /* Sources */,
				67D8BD9F1BA212F2004FA2BC /* Frameworks */,
				67D8BDA01BA212F2004FA2BC /* Resources */,
			);
			buildRules = (
			);
			dependencies = (
				67D8BDA41BA212F2004FA2BC /* PBXTargetDependency */,
			);
			name = MozAnalyticsTests;
			productName = MozAnalyticsTests;
			productReference = 67D8BDA21BA212F2004FA2BC /* MozAnalyticsTests.xctest */;
			productType = "com.apple.product-type.bundle.unit-test";
		};
/* End PBXNativeTarget section */

/* Begin PBXProject section */
		67D8BD821BA212F2004FA2BC /* Project object */ = {
			isa = PBXProject;
			attributes = {
				LastSwiftMigration = 0700;
				LastSwiftUpdateCheck = 0700;
				LastUpgradeCheck = 0700;
				ORGANIZATIONNAME = "Siess, Clement";
				TargetAttributes = {
					67D8BD891BA212F2004FA2BC = {
						CreatedOnToolsVersion = 6.4;
					};
					67D8BDA11BA212F2004FA2BC = {
						CreatedOnToolsVersion = 6.4;
						TestTargetID = 67D8BD891BA212F2004FA2BC;
					};
				};
			};
			buildConfigurationList = 67D8BD851BA212F2004FA2BC /* Build configuration list for PBXProject "MozAnalytics" */;
			compatibilityVersion = "Xcode 3.2";
			developmentRegion = English;
			hasScannedForEncodings = 0;
			knownRegions = (
				en,
				Base,
			);
			mainGroup = 67D8BD811BA212F2004FA2BC;
			productRefGroup = 67D8BD8B1BA212F2004FA2BC /* Products */;
			projectDirPath = "";
			projectRoot = "";
			targets = (
				67D8BD891BA212F2004FA2BC /* MozAnalytics */,
				67D8BDA11BA212F2004FA2BC /* MozAnalyticsTests */,
			);
		};
/* End PBXProject section */

/* Begin PBXResourcesBuildPhase section */
		67D8BD881BA212F2004FA2BC /* Resources */ = {
			isa = PBXResourcesBuildPhase;
			buildActionMask = 2147483647;
			files = (
				044126A31BB5E1BD00FB57DE /* settings.png in Resources */,
				044126A51BB5E1E900FB57DE /* settings copy.png in Resources */,
				67D8BD981BA212F2004FA2BC /* Main.storyboard in Resources */,
				67D8BD9D1BA212F2004FA2BC /* LaunchScreen.xib in Resources */,
				67D8BD9A1BA212F2004FA2BC /* Images.xcassets in Resources */,
				044126A91BB5E3B700FB57DE /* saved.png in Resources */,
			);
			runOnlyForDeploymentPostprocessing = 0;
		};
		67D8BDA01BA212F2004FA2BC /* Resources */ = {
			isa = PBXResourcesBuildPhase;
			buildActionMask = 2147483647;
			files = (
			);
			runOnlyForDeploymentPostprocessing = 0;
		};
/* End PBXResourcesBuildPhase section */

/* Begin PBXSourcesBuildPhase section */
		67D8BD861BA212F2004FA2BC /* Sources */ = {
			isa = PBXSourcesBuildPhase;
			buildActionMask = 2147483647;
			files = (
				67D8BD951BA212F2004FA2BC /* SettingsViewController.swift in Sources */,
				67575A3C1BAB40700098B5EA /* SearchViewController.swift in Sources */,
				67D8BD901BA212F2004FA2BC /* AppDelegate.swift in Sources */,
				67D8BD931BA212F2004FA2BC /* MozAnalytics.xcdatamodeld in Sources */,
				67A8D39E1BA8B7F500EAEDC9 /* Mozscape.swift in Sources */,
				67575A3E1BAB54030098B5EA /* URLMetrics.swift in Sources */,
				67418CC31BB1E8A6000D11F0 /* DetailViewController.swift in Sources */,
				67418CC01BB1E233000D11F0 /* MozResult.swift in Sources */,
				67418CC11BB1E233000D11F0 /* SavedResultsViewController.swift in Sources */,
			);
			runOnlyForDeploymentPostprocessing = 0;
		};
		67D8BD9E1BA212F2004FA2BC /* Sources */ = {
			isa = PBXSourcesBuildPhase;
			buildActionMask = 2147483647;
			files = (
				67D8BDA91BA212F2004FA2BC /* MozAnalyticsTests.swift in Sources */,
			);
			runOnlyForDeploymentPostprocessing = 0;
		};
/* End PBXSourcesBuildPhase section */

/* Begin PBXTargetDependency section */
		67D8BDA41BA212F2004FA2BC /* PBXTargetDependency */ = {
			isa = PBXTargetDependency;
			target = 67D8BD891BA212F2004FA2BC /* MozAnalytics */;
			targetProxy = 67D8BDA31BA212F2004FA2BC /* PBXContainerItemProxy */;
		};
/* End PBXTargetDependency section */

/* Begin PBXVariantGroup section */
		67D8BD961BA212F2004FA2BC /* Main.storyboard */ = {
			isa = PBXVariantGroup;
			children = (
				67D8BD971BA212F2004FA2BC /* Base */,
			);
			name = Main.storyboard;
			sourceTree = "<group>";
		};
		67D8BD9B1BA212F2004FA2BC /* LaunchScreen.xib */ = {
			isa = PBXVariantGroup;
			children = (
				67D8BD9C1BA212F2004FA2BC /* Base */,
			);
			name = LaunchScreen.xib;
			sourceTree = "<group>";
		};
/* End PBXVariantGroup section */

/* Begin XCBuildConfiguration section */
		67D8BDAA1BA212F2004FA2BC /* Debug */ = {
			isa = XCBuildConfiguration;
			buildSettings = {
				ALWAYS_SEARCH_USER_PATHS = NO;
				CLANG_CXX_LANGUAGE_STANDARD = "gnu++0x";
				CLANG_CXX_LIBRARY = "libc++";
				CLANG_ENABLE_MODULES = YES;
				CLANG_ENABLE_OBJC_ARC = YES;
				CLANG_WARN_BOOL_CONVERSION = YES;
				CLANG_WARN_CONSTANT_CONVERSION = YES;
				CLANG_WARN_DIRECT_OBJC_ISA_USAGE = YES_ERROR;
				CLANG_WARN_EMPTY_BODY = YES;
				CLANG_WARN_ENUM_CONVERSION = YES;
				CLANG_WARN_INT_CONVERSION = YES;
				CLANG_WARN_OBJC_ROOT_CLASS = YES_ERROR;
				CLANG_WARN_UNREACHABLE_CODE = YES;
				CLANG_WARN__DUPLICATE_METHOD_MATCH = YES;
				"CODE_SIGN_IDENTITY[sdk=iphoneos*]" = "iPhone Developer";
				COPY_PHASE_STRIP = NO;
				DEBUG_INFORMATION_FORMAT = "dwarf-with-dsym";
				ENABLE_STRICT_OBJC_MSGSEND = YES;
				ENABLE_TESTABILITY = YES;
				GCC_C_LANGUAGE_STANDARD = gnu99;
				GCC_DYNAMIC_NO_PIC = NO;
				GCC_NO_COMMON_BLOCKS = YES;
				GCC_OPTIMIZATION_LEVEL = 0;
				GCC_PREPROCESSOR_DEFINITIONS = (
					"DEBUG=1",
					"$(inherited)",
				);
				GCC_SYMBOLS_PRIVATE_EXTERN = NO;
				GCC_WARN_64_TO_32_BIT_CONVERSION = YES;
				GCC_WARN_ABOUT_RETURN_TYPE = YES_ERROR;
				GCC_WARN_UNDECLARED_SELECTOR = YES;
				GCC_WARN_UNINITIALIZED_AUTOS = YES_AGGRESSIVE;
				GCC_WARN_UNUSED_FUNCTION = YES;
				GCC_WARN_UNUSED_VARIABLE = YES;
				IPHONEOS_DEPLOYMENT_TARGET = 8.4;
				MTL_ENABLE_DEBUG_INFO = YES;
				ONLY_ACTIVE_ARCH = YES;
				SDKROOT = iphoneos;
				SWIFT_OPTIMIZATION_LEVEL = "-Onone";
				TARGETED_DEVICE_FAMILY = "1,2";
			};
			name = Debug;
		};
		67D8BDAB1BA212F2004FA2BC /* Release */ = {
			isa = XCBuildConfiguration;
			buildSettings = {
				ALWAYS_SEARCH_USER_PATHS = NO;
				CLANG_CXX_LANGUAGE_STANDARD = "gnu++0x";
				CLANG_CXX_LIBRARY = "libc++";
				CLANG_ENABLE_MODULES = YES;
				CLANG_ENABLE_OBJC_ARC = YES;
				CLANG_WARN_BOOL_CONVERSION = YES;
				CLANG_WARN_CONSTANT_CONVERSION = YES;
				CLANG_WARN_DIRECT_OBJC_ISA_USAGE = YES_ERROR;
				CLANG_WARN_EMPTY_BODY = YES;
				CLANG_WARN_ENUM_CONVERSION = YES;
				CLANG_WARN_INT_CONVERSION = YES;
				CLANG_WARN_OBJC_ROOT_CLASS = YES_ERROR;
				CLANG_WARN_UNREACHABLE_CODE = YES;
				CLANG_WARN__DUPLICATE_METHOD_MATCH = YES;
				"CODE_SIGN_IDENTITY[sdk=iphoneos*]" = "iPhone Developer";
				COPY_PHASE_STRIP = NO;
				DEBUG_INFORMATION_FORMAT = "dwarf-with-dsym";
				ENABLE_NS_ASSERTIONS = NO;
				ENABLE_STRICT_OBJC_MSGSEND = YES;
				GCC_C_LANGUAGE_STANDARD = gnu99;
				GCC_NO_COMMON_BLOCKS = YES;
				GCC_WARN_64_TO_32_BIT_CONVERSION = YES;
				GCC_WARN_ABOUT_RETURN_TYPE = YES_ERROR;
				GCC_WARN_UNDECLARED_SELECTOR = YES;
				GCC_WARN_UNINITIALIZED_AUTOS = YES_AGGRESSIVE;
				GCC_WARN_UNUSED_FUNCTION = YES;
				GCC_WARN_UNUSED_VARIABLE = YES;
				IPHONEOS_DEPLOYMENT_TARGET = 8.4;
				MTL_ENABLE_DEBUG_INFO = NO;
				SDKROOT = iphoneos;
				TARGETED_DEVICE_FAMILY = "1,2";
				VALIDATE_PRODUCT = YES;
			};
			name = Release;
		};
		67D8BDAD1BA212F2004FA2BC /* Debug */ = {
			isa = XCBuildConfiguration;
			buildSettings = {
				ASSETCATALOG_COMPILER_APPICON_NAME = AppIcon;
				INFOPLIST_FILE = MozAnalytics/Info.plist;
				LD_RUNPATH_SEARCH_PATHS = "$(inherited) @executable_path/Frameworks";
				PRODUCT_BUNDLE_IDENTIFIER = "com.iteachcoding.$(PRODUCT_NAME:rfc1034identifier)";
				PRODUCT_NAME = "$(TARGET_NAME)";
				SWIFT_OBJC_BRIDGING_HEADER = "MozAnalytics/Bridging-Header.h";
			};
			name = Debug;
		};
		67D8BDAE1BA212F2004FA2BC /* Release */ = {
			isa = XCBuildConfiguration;
			buildSettings = {
				ASSETCATALOG_COMPILER_APPICON_NAME = AppIcon;
				INFOPLIST_FILE = MozAnalytics/Info.plist;
				LD_RUNPATH_SEARCH_PATHS = "$(inherited) @executable_path/Frameworks";
				PRODUCT_BUNDLE_IDENTIFIER = "com.iteachcoding.$(PRODUCT_NAME:rfc1034identifier)";
				PRODUCT_NAME = "$(TARGET_NAME)";
				SWIFT_OBJC_BRIDGING_HEADER = "MozAnalytics/Bridging-Header.h";
			};
			name = Release;
		};
		67D8BDB01BA212F2004FA2BC /* Debug */ = {
			isa = XCBuildConfiguration;
			buildSettings = {
				BUNDLE_LOADER = "$(TEST_HOST)";
				FRAMEWORK_SEARCH_PATHS = (
					"$(SDKROOT)/Developer/Library/Frameworks",
					"$(inherited)",
				);
				GCC_PREPROCESSOR_DEFINITIONS = (
					"DEBUG=1",
					"$(inherited)",
				);
				INFOPLIST_FILE = MozAnalyticsTests/Info.plist;
				LD_RUNPATH_SEARCH_PATHS = "$(inherited) @executable_path/Frameworks @loader_path/Frameworks";
				PRODUCT_BUNDLE_IDENTIFIER = "com.iteachcoding.$(PRODUCT_NAME:rfc1034identifier)";
				PRODUCT_NAME = "$(TARGET_NAME)";
				TEST_HOST = "$(BUILT_PRODUCTS_DIR)/MozAnalytics.app/MozAnalytics";
			};
			name = Debug;
		};
		67D8BDB11BA212F2004FA2BC /* Release */ = {
			isa = XCBuildConfiguration;
			buildSettings = {
				BUNDLE_LOADER = "$(TEST_HOST)";
				FRAMEWORK_SEARCH_PATHS = (
					"$(SDKROOT)/Developer/Library/Frameworks",
					"$(inherited)",
				);
				INFOPLIST_FILE = MozAnalyticsTests/Info.plist;
				LD_RUNPATH_SEARCH_PATHS = "$(inherited) @executable_path/Frameworks @loader_path/Frameworks";
				PRODUCT_BUNDLE_IDENTIFIER = "com.iteachcoding.$(PRODUCT_NAME:rfc1034identifier)";
				PRODUCT_NAME = "$(TARGET_NAME)";
				TEST_HOST = "$(BUILT_PRODUCTS_DIR)/MozAnalytics.app/MozAnalytics";
			};
			name = Release;
		};
/* End XCBuildConfiguration section */

/* Begin XCConfigurationList section */
		67D8BD851BA212F2004FA2BC /* Build configuration list for PBXProject "MozAnalytics" */ = {
			isa = XCConfigurationList;
			buildConfigurations = (
				67D8BDAA1BA212F2004FA2BC /* Debug */,
				67D8BDAB1BA212F2004FA2BC /* Release */,
			);
			defaultConfigurationIsVisible = 0;
			defaultConfigurationName = Release;
		};
		67D8BDAC1BA212F2004FA2BC /* Build configuration list for PBXNativeTarget "MozAnalytics" */ = {
			isa = XCConfigurationList;
			buildConfigurations = (
				67D8BDAD1BA212F2004FA2BC /* Debug */,
				67D8BDAE1BA212F2004FA2BC /* Release */,
			);
			defaultConfigurationIsVisible = 0;
			defaultConfigurationName = Release;
		};
		67D8BDAF1BA212F2004FA2BC /* Build configuration list for PBXNativeTarget "MozAnalyticsTests" */ = {
			isa = XCConfigurationList;
			buildConfigurations = (
				67D8BDB01BA212F2004FA2BC /* Debug */,
				67D8BDB11BA212F2004FA2BC /* Release */,
			);
			defaultConfigurationIsVisible = 0;
			defaultConfigurationName = Release;
		};
/* End XCConfigurationList section */

/* Begin XCVersionGroup section */
		67D8BD911BA212F2004FA2BC /* MozAnalytics.xcdatamodeld */ = {
			isa = XCVersionGroup;
			children = (
				67D8BD921BA212F2004FA2BC /* MozAnalytics.xcdatamodel */,
			);
			currentVersion = 67D8BD921BA212F2004FA2BC /* MozAnalytics.xcdatamodel */;
			path = MozAnalytics.xcdatamodeld;
			sourceTree = "<group>";
			versionGroupType = wrapper.xcdatamodel;
		};
/* End XCVersionGroup section */
	};
	rootObject = 67D8BD821BA212F2004FA2BC /* Project object */;
}
